// !$*UTF8*$!
{
	archiveVersion = 1;
	classes = {
	};
	objectVersion = 50;
	objects = {

/* Begin PBXBuildFile section */
		133D471B21330D8D00C061E3 /* AppDelegate.swift in Sources */ = {isa = PBXBuildFile; fileRef = 133D471A21330D8D00C061E3 /* AppDelegate.swift */; };
		133D471D21330D8D00C061E3 /* ViewController.swift in Sources */ = {isa = PBXBuildFile; fileRef = 133D471C21330D8D00C061E3 /* ViewController.swift */; };
		133D472021330D8D00C061E3 /* Main.storyboard in Resources */ = {isa = PBXBuildFile; fileRef = 133D471E21330D8D00C061E3 /* Main.storyboard */; };
		133D472221330D9200C061E3 /* Assets.xcassets in Resources */ = {isa = PBXBuildFile; fileRef = 133D472121330D9200C061E3 /* Assets.xcassets */; };
		133D472521330D9200C061E3 /* LaunchScreen.storyboard in Resources */ = {isa = PBXBuildFile; fileRef = 133D472321330D9200C061E3 /* LaunchScreen.storyboard */; };
		133D472D21330DB800C061E3 /* CustomNavigationBar.swift in Sources */ = {isa = PBXBuildFile; fileRef = 133D472C21330DB800C061E3 /* CustomNavigationBar.swift */; };
		133D473021330DFB00C061E3 /* navbar.jpg in Resources */ = {isa = PBXBuildFile; fileRef = 133D472F21330DFB00C061E3 /* navbar.jpg */; };
/* End PBXBuildFile section */

/* Begin PBXFileReference section */
		133D471721330D8D00C061E3 /* CustomNavigationBarTutorial.app */ = {isa = PBXFileReference; explicitFileType = wrapper.application; includeInIndex = 0; path = CustomNavigationBarTutorial.app; sourceTree = BUILT_PRODUCTS_DIR; };
		133D471A21330D8D00C061E3 /* AppDelegate.swift */ = {isa = PBXFileReference; lastKnownFileType = sourcecode.swift; path = AppDelegate.swift; sourceTree = "<group>"; };
		133D471C21330D8D00C061E3 /* ViewController.swift */ = {isa = PBXFileReference; lastKnownFileType = sourcecode.swift; path = ViewController.swift; sourceTree = "<group>"; };
		133D471F21330D8D00C061E3 /* Base */ = {isa = PBXFileReference; lastKnownFileType = file.storyboard; name = Base; path = Base.lproj/Main.storyboard; sourceTree = "<group>"; };
		133D472121330D9200C061E3 /* Assets.xcassets */ = {isa = PBXFileReference; lastKnownFileType = folder.assetcatalog; path = Assets.xcassets; sourceTree = "<group>"; };
		133D472421330D9200C061E3 /* Base */ = {isa = PBXFileReference; lastKnownFileType = file.storyboard; name = Base; path = Base.lproj/LaunchScreen.storyboard; sourceTree = "<group>"; };
		133D472621330D9200C061E3 /* Info.plist */ = {isa = PBXFileReference; lastKnownFileType = text.plist.xml; path = Info.plist; sourceTree = "<group>"; };
		133D472C21330DB800C061E3 /* CustomNavigationBar.swift */ = {isa = PBXFileReference; lastKnownFileType = sourcecode.swift; path = CustomNavigationBar.swift; sourceTree = "<group>"; };
		133D472F21330DFB00C061E3 /* navbar.jpg */ = {isa = PBXFileReference; lastKnownFileType = image.jpeg; path = navbar.jpg; sourceTree = "<group>"; };
/* End PBXFileReference section */

/* Begin PBXFrameworksBuildPhase section */
		133D471421330D8D00C061E3 /* Frameworks */ = {
			isa = PBXFrameworksBuildPhase;
			buildActionMask = 2147483647;
			files = (
			);
			runOnlyForDeploymentPostprocessing = 0;
		};
/* End PBXFrameworksBuildPhase section */

/* Begin PBXGroup section */
		133D470E21330D8D00C061E3 = {
			isa = PBXGroup;
			children = (
				133D471921330D8D00C061E3 /* CustomNavigationBarTutorial */,
				133D471821330D8D00C061E3 /* Products */,
			);
			sourceTree = "<group>";
		};
		133D471821330D8D00C061E3 /* Products */ = {
			isa = PBXGroup;
			children = (
				133D471721330D8D00C061E3 /* CustomNavigationBarTutorial.app */,
			);
			name = Products;
			sourceTree = "<group>";
		};
		133D471921330D8D00C061E3 /* CustomNavigationBarTutorial */ = {
			isa = PBXGroup;
			children = (
				133D472E21330DEA00C061E3 /* Images */,
				133D472C21330DB800C061E3 /* CustomNavigationBar.swift */,
				133D471A21330D8D00C061E3 /* AppDelegate.swift */,
				133D471C21330D8D00C061E3 /* ViewController.swift */,
				133D471E21330D8D00C061E3 /* Main.storyboard */,
				133D472121330D9200C061E3 /* Assets.xcassets */,
				133D472321330D9200C061E3 /* LaunchScreen.storyboard */,
				133D472621330D9200C061E3 /* Info.plist */,
			);
			path = CustomNavigationBarTutorial;
			sourceTree = "<group>";
		};
		133D472E21330DEA00C061E3 /* Images */ = {
			isa = PBXGroup;
			children = (
				133D472F21330DFB00C061E3 /* navbar.jpg */,
			);
			path = Images;
			sourceTree = "<group>";
		};
/* End PBXGroup section */

/* Begin PBXNativeTarget section */
		133D471621330D8D00C061E3 /* CustomNavigationBarTutorial */ = {
			isa = PBXNativeTarget;
			buildConfigurationList = 133D472921330D9200C061E3 /* Build configuration list for PBXNativeTarget "CustomNavigationBarTutorial" */;
			buildPhases = (
				133D471321330D8D00C061E3 /* Sources */,
				133D471421330D8D00C061E3 /* Frameworks */,
				133D471521330D8D00C061E3 /* Resources */,
			);
			buildRules = (
			);
			dependencies = (
			);
			name = CustomNavigationBarTutorial;
			productName = CustomNavigationBarTutorial;
			productReference = 133D471721330D8D00C061E3 /* CustomNavigationBarTutorial.app */;
			productType = "com.apple.product-type.application";
		};
/* End PBXNativeTarget section */

/* Begin PBXProject section */
		133D470F21330D8D00C061E3 /* Project object */ = {
			isa = PBXProject;
			attributes = {
				LastSwiftUpdateCheck = 0940;
				LastUpgradeCheck = 0940;
				ORGANIZATIONNAME = "Vikash Mahato";
				TargetAttributes = {
					133D471621330D8D00C061E3 = {
						CreatedOnToolsVersion = 9.4;
					};
				};
			};
			buildConfigurationList = 133D471221330D8D00C061E3 /* Build configuration list for PBXProject "CustomNavigationBarTutorial" */;
			compatibilityVersion = "Xcode 9.3";
			developmentRegion = en;
			hasScannedForEncodings = 0;
			knownRegions = (
				en,
				Base,
			);
			mainGroup = 133D470E21330D8D00C061E3;
			productRefGroup = 133D471821330D8D00C061E3 /* Products */;
			projectDirPath = "";
			projectRoot = "";
			targets = (
				133D471621330D8D00C061E3 /* CustomNavigationBarTutorial */,
			);
		};
/* End PBXProject section */

/* Begin PBXResourcesBuildPhase section */
		133D471521330D8D00C061E3 /* Resources */ = {
			isa = PBXResourcesBuildPhase;
			buildActionMask = 2147483647;
			files = (
				133D473021330DFB00C061E3 /* navbar.jpg in Resources */,
				133D472521330D9200C061E3 /* LaunchScreen.storyboard in Resources */,
				133D472221330D9200C061E3 /* Assets.xcassets in Resources */,
				133D472021330D8D00C061E3 /* Main.storyboard in Resources */,
			);
			runOnlyForDeploymentPostprocessing = 0;
		};
/* End PBXResourcesBuildPhase section */

/* Begin PBXSourcesBuildPhase section */
		133D471321330D8D00C061E3 /* Sources */ = {
			isa = PBXSourcesBuildPhase;
			buildActionMask = 2147483647;
			files = (
				133D472D21330DB800C061E3 /* CustomNavigationBar.swift in Sources */,
				133D471D21330D8D00C061E3 /* ViewController.swift in Sources */,
				133D471B21330D8D00C061E3 /* AppDelegate.swift in Sources */,
			);
			runOnlyForDeploymentPostprocessing = 0;
		};
/* End PBXSourcesBuildPhase section */

/* Begin PBXVariantGroup section */
		133D471E21330D8D00C061E3 /* Main.storyboard */ = {
			isa = PBXVariantGroup;
			children = (
				133D471F21330D8D00C061E3 /* Base */,
			);
			name = Main.storyboard;
			sourceTree = "<group>";
		};
		133D472321330D9200C061E3 /* LaunchScreen.storyboard */ = {
			isa = PBXVariantGroup;
			children = (
				133D472421330D9200C061E3 /* Base */,
			);
			name = LaunchScreen.storyboard;
			sourceTree = "<group>";
		};
/* End PBXVariantGroup section */

/* Begin XCBuildConfiguration section */
		133D472721330D9200C061E3 /* Debug */ = {
			isa = XCBuildConfiguration;
			buildSettings = {
				ALWAYS_SEARCH_USER_PATHS = NO;
				CLANG_ANALYZER_NONNULL = YES;
				CLANG_ANALYZER_NUMBER_OBJECT_CONVERSION = YES_AGGRESSIVE;
				CLANG_CXX_LANGUAGE_STANDARD = "gnu++14";
				CLANG_CXX_LIBRARY = "libc++";
				CLANG_ENABLE_MODULES = YES;
				CLANG_ENABLE_OBJC_ARC = YES;
				CLANG_ENABLE_OBJC_WEAK = YES;
				CLANG_WARN_BLOCK_CAPTURE_AUTORELEASING = YES;
				CLANG_WARN_BOOL_CONVERSION = YES;
				CLANG_WARN_COMMA = YES;
				CLANG_WARN_CONSTANT_CONVERSION = YES;
				CLANG_WARN_DEPRECATED_OBJC_IMPLEMENTATIONS = YES;
				CLANG_WARN_DIRECT_OBJC_ISA_USAGE = YES_ERROR;
				CLANG_WARN_DOCUMENTATION_COMMENTS = YES;
				CLANG_WARN_EMPTY_BODY = YES;
				CLANG_WARN_ENUM_CONVERSION = YES;
				CLANG_WARN_INFINITE_RECURSION = YES;
				CLANG_WARN_INT_CONVERSION = YES;
				CLANG_WARN_NON_LITERAL_NULL_CONVERSION = YES;
				CLANG_WARN_OBJC_IMPLICIT_RETAIN_SELF = YES;
				CLANG_WARN_OBJC_LITERAL_CONVERSION = YES;
				CLANG_WARN_OBJC_ROOT_CLASS = YES_ERROR;
				CLANG_WARN_RANGE_LOOP_ANALYSIS = YES;
				CLANG_WARN_STRICT_PROTOTYPES = YES;
				CLANG_WARN_SUSPICIOUS_MOVE = YES;
				CLANG_WARN_UNGUARDED_AVAILABILITY = YES_AGGRESSIVE;
				CLANG_WARN_UNREACHABLE_CODE = YES;
				CLANG_WARN__DUPLICATE_METHOD_MATCH = YES;
				CODE_SIGN_IDENTITY = "iPhone Developer";
				COPY_PHASE_STRIP = NO;
				DEBUG_INFORMATION_FORMAT = dwarf;
				ENABLE_STRICT_OBJC_MSGSEND = YES;
				ENABLE_TESTABILITY = YES;
				GCC_C_LANGUAGE_STANDARD = gnu11;
				GCC_DYNAMIC_NO_PIC = NO;
				GCC_NO_COMMON_BLOCKS = YES;
				GCC_OPTIMIZATION_LEVEL = 0;
				GCC_PREPROCESSOR_DEFINITIONS = (
					"DEBUG=1",
					"$(inherited)",
				);
				GCC_WARN_64_TO_32_BIT_CONVERSION = YES;
				GCC_WARN_ABOUT_RETURN_TYPE = YES_ERROR;
				GCC_WARN_UNDECLARED_SELECTOR = YES;
				GCC_WARN_UNINITIALIZED_AUTOS = YES_AGGRESSIVE;
				GCC_WARN_UNUSED_FUNCTION = YES;
				GCC_WARN_UNUSED_VARIABLE = YES;
				IPHONEOS_DEPLOYMENT_TARGET = 11.4;
				MTL_ENABLE_DEBUG_INFO = YES;
				ONLY_ACTIVE_ARCH = YES;
				SDKROOT = iphoneos;
				SWIFT_ACTIVE_COMPILATION_CONDITIONS = DEBUG;
				SWIFT_OPTIMIZATION_LEVEL = "-Onone";
			};
			name = Debug;
		};
		133D472821330D9200C061E3 /* Release */ = {
			isa = XCBuildConfiguration;
			buildSettings = {
				ALWAYS_SEARCH_USER_PATHS = NO;
				CLANG_ANALYZER_NONNULL = YES;
				CLANG_ANALYZER_NUMBER_OBJECT_CONVERSION = YES_AGGRESSIVE;
				CLANG_CXX_LANGUAGE_STANDARD = "gnu++14";
				CLANG_CXX_LIBRARY = "libc++";
				CLANG_ENABLE_MODULES = YES;
				CLANG_ENABLE_OBJC_ARC = YES;
				CLANG_ENABLE_OBJC_WEAK = YES;
				CLANG_WARN_BLOCK_CAPTURE_AUTORELEASING = YES;
				CLANG_WARN_BOOL_CONVERSION = YES;
				CLANG_WARN_COMMA = YES;
				CLANG_WARN_CONSTANT_CONVERSION = YES;
				CLANG_WARN_DEPRECATED_OBJC_IMPLEMENTATIONS = YES;
				CLANG_WARN_DIRECT_OBJC_ISA_USAGE = YES_ERROR;
				CLANG_WARN_DOCUMENTATION_COMMENTS = YES;
				CLANG_WARN_EMPTY_BODY = YES;
				CLANG_WARN_ENUM_CONVERSION = YES;
				CLANG_WARN_INFINITE_RECURSION = YES;
				CLANG_WARN_INT_CONVERSION = YES;
				CLANG_WARN_NON_LITERAL_NULL_CONVERSION = YES;
				CLANG_WARN_OBJC_IMPLICIT_RETAIN_SELF = YES;
				CLANG_WARN_OBJC_LITERAL_CONVERSION = YES;
				CLANG_WARN_OBJC_ROOT_CLASS = YES_ERROR;
				CLANG_WARN_RANGE_LOOP_ANALYSIS = YES;
				CLANG_WARN_STRICT_PROTOTYPES = YES;
				CLANG_WARN_SUSPICIOUS_MOVE = YES;
				CLANG_WARN_UNGUARDED_AVAILABILITY = YES_AGGRESSIVE;
				CLANG_WARN_UNREACHABLE_CODE = YES;
				CLANG_WARN__DUPLICATE_METHOD_MATCH = YES;
				CODE_SIGN_IDENTITY = "iPhone Developer";
				COPY_PHASE_STRIP = NO;
				DEBUG_INFORMATION_FORMAT = "dwarf-with-dsym";
				ENABLE_NS_ASSERTIONS = NO;
				ENABLE_STRICT_OBJC_MSGSEND = YES;
				GCC_C_LANGUAGE_STANDARD = gnu11;
				GCC_NO_COMMON_BLOCKS = YES;
				GCC_WARN_64_TO_32_BIT_CONVERSION = YES;
				GCC_WARN_ABOUT_RETURN_TYPE = YES_ERROR;
				GCC_WARN_UNDECLARED_SELECTOR = YES;
				GCC_WARN_UNINITIALIZED_AUTOS = YES_AGGRESSIVE;
				GCC_WARN_UNUSED_FUNCTION = YES;
				GCC_WARN_UNUSED_VARIABLE = YES;
				IPHONEOS_DEPLOYMENT_TARGET = 11.4;
				MTL_ENABLE_DEBUG_INFO = NO;
				SDKROOT = iphoneos;
				SWIFT_COMPILATION_MODE = wholemodule;
				SWIFT_OPTIMIZATION_LEVEL = "-O";
				VALIDATE_PRODUCT = YES;
			};
			name = Release;
		};
		133D472A21330D9200C061E3 /* Debug */ = {
			isa = XCBuildConfiguration;
			buildSettings = {
				ASSETCATALOG_COMPILER_APPICON_NAME = AppIcon;
				CODE_SIGN_STYLE = Automatic;
				DEVELOPMENT_TEAM = "";
				INFOPLIST_FILE = CustomNavigationBarTutorial/Info.plist;
				LD_RUNPATH_SEARCH_PATHS = (
					"$(inherited)",
					"@executable_path/Frameworks",
				);
				PRODUCT_BUNDLE_IDENTIFIER = com.vikash.CustomNavigationBarTutorial;
				PRODUCT_NAME = "$(TARGET_NAME)";
				SWIFT_VERSION = 4.0;
				TARGETED_DEVICE_FAMILY = "1,2";
			};
			name = Debug;
		};
		133D472B21330D9200C061E3 /* Release */ = {
			isa = XCBuildConfiguration;
			buildSettings = {
				ASSETCATALOG_COMPILER_APPICON_NAME = AppIcon;
				CODE_SIGN_STYLE = Automatic;
				DEVELOPMENT_TEAM = "";
				INFOPLIST_FILE = CustomNavigationBarTutorial/Info.plist;
				LD_RUNPATH_SEARCH_PATHS = (
					"$(inherited)",
					"@executable_path/Frameworks",
				);
				PRODUCT_BUNDLE_IDENTIFIER = com.vikash.CustomNavigationBarTutorial;
				PRODUCT_NAME = "$(TARGET_NAME)";
				SWIFT_VERSION = 4.0;
				TARGETED_DEVICE_FAMILY = "1,2";
			};
			name = Release;
		};
/* End XCBuildConfiguration section */

/* Begin XCConfigurationList section */
		133D471221330D8D00C061E3 /* Build configuration list for PBXProject "CustomNavigationBarTutorial" */ = {
			isa = XCConfigurationList;
			buildConfigurations = (
				133D472721330D9200C061E3 /* Debug */,
				133D472821330D9200C061E3 /* Release */,
			);
			defaultConfigurationIsVisible = 0;
			defaultConfigurationName = Release;
		};
		133D472921330D9200C061E3 /* Build configuration list for PBXNativeTarget "CustomNavigationBarTutorial" */ = {
			isa = XCConfigurationList;
			buildConfigurations = (
				133D472A21330D9200C061E3 /* Debug */,
				133D472B21330D9200C061E3 /* Release */,
			);
			defaultConfigurationIsVisible = 0;
			defaultConfigurationName = Release;
		};
/* End XCConfigurationList section */
	};
	rootObject = 133D470F21330D8D00C061E3 /* Project object */;
}
